
Microsoft Visual Studio Solution File, Format Version 12.00
# Visual Studio Version 16
VisualStudioVersion = 16.0.32901.82
MinimumVisualStudioVersion = 10.0.40219.1
Project("{8BC9CEB8-8B4A-11D0-8D11-00A0C91BC942}") = "test_11_22", "test_11_22\test_11_22.vcxproj", "{EE7BC1E9-CD95-49BE-8A37-2077677E3ED2}"
EndProject
Global
	GlobalSection(SolutionConfigurationPlatforms) = preSolution
		Debug|x64 = Debug|x64
		Debug|x86 = Debug|x86
		Release|x64 = Release|x64
		Release|x86 = Release|x86
	EndGlobalSection
	GlobalSection(ProjectConfigurationPlatforms) = postSolution
		{EE7BC1E9-CD95-49BE-8A37-2077677E3ED2}.Debug|x64.ActiveCfg = Debug|x64
		{EE7BC1E9-CD95-49BE-8A37-2077677E3ED2}.Debug|x64.Build.0 = Debug|x64
		{EE7BC1E9-CD95-49BE-8A37-2077677E3ED2}.Debug|x86.ActiveCfg = Debug|Win32
		{EE7BC1E9-CD95-49BE-8A37-2077677E3ED2}.Debug|x86.Build.0 = Debug|Win32
		{EE7BC1E9-CD95-49BE-8A37-2077677E3ED2}.Release|x64.ActiveCfg = Release|x64
		{EE7BC1E9-CD95-49BE-8A37-2077677E3ED2}.Release|x64.Build.0 = Release|x64
		{EE7BC1E9-CD95-49BE-8A37-2077677E3ED2}.Release|x86.ActiveCfg = Release|Win32
		{EE7BC1E9-CD95-49BE-8A37-2077677E3ED2}.Release|x86.Build.0 = Release|Win32
	EndGlobalSection
	GlobalSection(SolutionProperties) = preSolution
		HideSolutionNode = FALSE
	EndGlobalSection
	GlobalSection(ExtensibilityGlobals) = postSolution
		SolutionGuid = {A6B2ECAF-59DE-4DE2-8C82-A34F3901F4F2}
	EndGlobalSection
EndGlobal
