
Microsoft Visual Studio Solution File, Format Version 12.00
# Visual Studio Version 16
VisualStudioVersion = 16.0.32901.82
MinimumVisualStudioVersion = 10.0.40219.1
Project("{8BC9CEB8-8B4A-11D0-8D11-00A0C91BC942}") = "test_4_16", "test_4_16\test_4_16.vcxproj", "{33D1A79B-6520-40B2-B8BB-9748042B136E}"
EndProject
Global
	GlobalSection(SolutionConfigurationPlatforms) = preSolution
		Debug|x64 = Debug|x64
		Debug|x86 = Debug|x86
		Release|x64 = Release|x64
		Release|x86 = Release|x86
	EndGlobalSection
	GlobalSection(ProjectConfigurationPlatforms) = postSolution
		{33D1A79B-6520-40B2-B8BB-9748042B136E}.Debug|x64.ActiveCfg = Debug|x64
		{33D1A79B-6520-40B2-B8BB-9748042B136E}.Debug|x64.Build.0 = Debug|x64
		{33D1A79B-6520-40B2-B8BB-9748042B136E}.Debug|x86.ActiveCfg = Debug|Win32
		{33D1A79B-6520-40B2-B8BB-9748042B136E}.Debug|x86.Build.0 = Debug|Win32
		{33D1A79B-6520-40B2-B8BB-9748042B136E}.Release|x64.ActiveCfg = Release|x64
		{33D1A79B-6520-40B2-B8BB-9748042B136E}.Release|x64.Build.0 = Release|x64
		{33D1A79B-6520-40B2-B8BB-9748042B136E}.Release|x86.ActiveCfg = Release|Win32
		{33D1A79B-6520-40B2-B8BB-9748042B136E}.Release|x86.Build.0 = Release|Win32
	EndGlobalSection
	GlobalSection(SolutionProperties) = preSolution
		HideSolutionNode = FALSE
	EndGlobalSection
	GlobalSection(ExtensibilityGlobals) = postSolution
		SolutionGuid = {D36C37E3-8FB2-4FC6-BCDA-54D17F517FE3}
	EndGlobalSection
EndGlobal
