
Microsoft Visual Studio Solution File, Format Version 12.00
# Visual Studio Version 16
VisualStudioVersion = 16.0.32901.82
MinimumVisualStudioVersion = 10.0.40219.1
Project("{8BC9CEB8-8B4A-11D0-8D11-00A0C91BC942}") = "Seqlist_4_15", "Seqlist_4_15\Seqlist_4_15.vcxproj", "{49564092-91AC-40C9-8887-D1EA0774BCE4}"
EndProject
Global
	GlobalSection(SolutionConfigurationPlatforms) = preSolution
		Debug|x64 = Debug|x64
		Debug|x86 = Debug|x86
		Release|x64 = Release|x64
		Release|x86 = Release|x86
	EndGlobalSection
	GlobalSection(ProjectConfigurationPlatforms) = postSolution
		{49564092-91AC-40C9-8887-D1EA0774BCE4}.Debug|x64.ActiveCfg = Debug|x64
		{49564092-91AC-40C9-8887-D1EA0774BCE4}.Debug|x64.Build.0 = Debug|x64
		{49564092-91AC-40C9-8887-D1EA0774BCE4}.Debug|x86.ActiveCfg = Debug|Win32
		{49564092-91AC-40C9-8887-D1EA0774BCE4}.Debug|x86.Build.0 = Debug|Win32
		{49564092-91AC-40C9-8887-D1EA0774BCE4}.Release|x64.ActiveCfg = Release|x64
		{49564092-91AC-40C9-8887-D1EA0774BCE4}.Release|x64.Build.0 = Release|x64
		{49564092-91AC-40C9-8887-D1EA0774BCE4}.Release|x86.ActiveCfg = Release|Win32
		{49564092-91AC-40C9-8887-D1EA0774BCE4}.Release|x86.Build.0 = Release|Win32
	EndGlobalSection
	GlobalSection(SolutionProperties) = preSolution
		HideSolutionNode = FALSE
	EndGlobalSection
	GlobalSection(ExtensibilityGlobals) = postSolution
		SolutionGuid = {133D870F-3637-4055-9D87-E0EB5E83D76D}
	EndGlobalSection
EndGlobal
