
Microsoft Visual Studio Solution File, Format Version 12.00
# Visual Studio Version 16
VisualStudioVersion = 16.0.32901.82
MinimumVisualStudioVersion = 10.0.40219.1
Project("{8BC9CEB8-8B4A-11D0-8D11-00A0C91BC942}") = "lesttest_5_30", "lesttest_5_30\lesttest_5_30.vcxproj", "{D9783F58-0B29-4489-8ED0-8B82AA09DA3C}"
EndProject
Global
	GlobalSection(SolutionConfigurationPlatforms) = preSolution
		Debug|x64 = Debug|x64
		Debug|x86 = Debug|x86
		Release|x64 = Release|x64
		Release|x86 = Release|x86
	EndGlobalSection
	GlobalSection(ProjectConfigurationPlatforms) = postSolution
		{D9783F58-0B29-4489-8ED0-8B82AA09DA3C}.Debug|x64.ActiveCfg = Debug|x64
		{D9783F58-0B29-4489-8ED0-8B82AA09DA3C}.Debug|x64.Build.0 = Debug|x64
		{D9783F58-0B29-4489-8ED0-8B82AA09DA3C}.Debug|x86.ActiveCfg = Debug|Win32
		{D9783F58-0B29-4489-8ED0-8B82AA09DA3C}.Debug|x86.Build.0 = Debug|Win32
		{D9783F58-0B29-4489-8ED0-8B82AA09DA3C}.Release|x64.ActiveCfg = Release|x64
		{D9783F58-0B29-4489-8ED0-8B82AA09DA3C}.Release|x64.Build.0 = Release|x64
		{D9783F58-0B29-4489-8ED0-8B82AA09DA3C}.Release|x86.ActiveCfg = Release|Win32
		{D9783F58-0B29-4489-8ED0-8B82AA09DA3C}.Release|x86.Build.0 = Release|Win32
	EndGlobalSection
	GlobalSection(SolutionProperties) = preSolution
		HideSolutionNode = FALSE
	EndGlobalSection
	GlobalSection(ExtensibilityGlobals) = postSolution
		SolutionGuid = {8B45F8C9-B8D3-4744-BCF2-1AE1A39D400F}
	EndGlobalSection
EndGlobal
