
Microsoft Visual Studio Solution File, Format Version 12.00
# Visual Studio Version 16
VisualStudioVersion = 16.0.32901.82
MinimumVisualStudioVersion = 10.0.40219.1
Project("{8BC9CEB8-8B4A-11D0-8D11-00A0C91BC942}") = "test_10_8", "test_10_8\test_10_8.vcxproj", "{A26F3174-4271-4F2A-874A-1E5BA4D38BF7}"
EndProject
Global
	GlobalSection(SolutionConfigurationPlatforms) = preSolution
		Debug|x64 = Debug|x64
		Debug|x86 = Debug|x86
		Release|x64 = Release|x64
		Release|x86 = Release|x86
	EndGlobalSection
	GlobalSection(ProjectConfigurationPlatforms) = postSolution
		{A26F3174-4271-4F2A-874A-1E5BA4D38BF7}.Debug|x64.ActiveCfg = Debug|x64
		{A26F3174-4271-4F2A-874A-1E5BA4D38BF7}.Debug|x64.Build.0 = Debug|x64
		{A26F3174-4271-4F2A-874A-1E5BA4D38BF7}.Debug|x86.ActiveCfg = Debug|Win32
		{A26F3174-4271-4F2A-874A-1E5BA4D38BF7}.Debug|x86.Build.0 = Debug|Win32
		{A26F3174-4271-4F2A-874A-1E5BA4D38BF7}.Release|x64.ActiveCfg = Release|x64
		{A26F3174-4271-4F2A-874A-1E5BA4D38BF7}.Release|x64.Build.0 = Release|x64
		{A26F3174-4271-4F2A-874A-1E5BA4D38BF7}.Release|x86.ActiveCfg = Release|Win32
		{A26F3174-4271-4F2A-874A-1E5BA4D38BF7}.Release|x86.Build.0 = Release|Win32
	EndGlobalSection
	GlobalSection(SolutionProperties) = preSolution
		HideSolutionNode = FALSE
	EndGlobalSection
	GlobalSection(ExtensibilityGlobals) = postSolution
		SolutionGuid = {878E2112-CED7-4C04-9936-2516DCE75716}
	EndGlobalSection
EndGlobal
