
Microsoft Visual Studio Solution File, Format Version 12.00
# Visual Studio Version 16
VisualStudioVersion = 16.0.32901.82
MinimumVisualStudioVersion = 10.0.40219.1
Project("{8BC9CEB8-8B4A-11D0-8D11-00A0C91BC942}") = "test_7_4", "test_7_4\test_7_4.vcxproj", "{CDBC1ACB-0FC5-49A6-9793-3DB56BE214E6}"
EndProject
Global
	GlobalSection(SolutionConfigurationPlatforms) = preSolution
		Debug|x64 = Debug|x64
		Debug|x86 = Debug|x86
		Release|x64 = Release|x64
		Release|x86 = Release|x86
	EndGlobalSection
	GlobalSection(ProjectConfigurationPlatforms) = postSolution
		{CDBC1ACB-0FC5-49A6-9793-3DB56BE214E6}.Debug|x64.ActiveCfg = Debug|x64
		{CDBC1ACB-0FC5-49A6-9793-3DB56BE214E6}.Debug|x64.Build.0 = Debug|x64
		{CDBC1ACB-0FC5-49A6-9793-3DB56BE214E6}.Debug|x86.ActiveCfg = Debug|Win32
		{CDBC1ACB-0FC5-49A6-9793-3DB56BE214E6}.Debug|x86.Build.0 = Debug|Win32
		{CDBC1ACB-0FC5-49A6-9793-3DB56BE214E6}.Release|x64.ActiveCfg = Release|x64
		{CDBC1ACB-0FC5-49A6-9793-3DB56BE214E6}.Release|x64.Build.0 = Release|x64
		{CDBC1ACB-0FC5-49A6-9793-3DB56BE214E6}.Release|x86.ActiveCfg = Release|Win32
		{CDBC1ACB-0FC5-49A6-9793-3DB56BE214E6}.Release|x86.Build.0 = Release|Win32
	EndGlobalSection
	GlobalSection(SolutionProperties) = preSolution
		HideSolutionNode = FALSE
	EndGlobalSection
	GlobalSection(ExtensibilityGlobals) = postSolution
		SolutionGuid = {D1A01088-907F-45B0-843E-0399E8FB22E1}
	EndGlobalSection
EndGlobal
