
Microsoft Visual Studio Solution File, Format Version 12.00
# Visual Studio Version 16
VisualStudioVersion = 16.0.32901.82
MinimumVisualStudioVersion = 10.0.40219.1
Project("{8BC9CEB8-8B4A-11D0-8D11-00A0C91BC942}") = "test_4_9", "test_4_9\test_4_9.vcxproj", "{C723D44B-3093-46AB-878E-81C307262C87}"
EndProject
Global
	GlobalSection(SolutionConfigurationPlatforms) = preSolution
		Debug|x64 = Debug|x64
		Debug|x86 = Debug|x86
		Release|x64 = Release|x64
		Release|x86 = Release|x86
	EndGlobalSection
	GlobalSection(ProjectConfigurationPlatforms) = postSolution
		{C723D44B-3093-46AB-878E-81C307262C87}.Debug|x64.ActiveCfg = Debug|x64
		{C723D44B-3093-46AB-878E-81C307262C87}.Debug|x64.Build.0 = Debug|x64
		{C723D44B-3093-46AB-878E-81C307262C87}.Debug|x86.ActiveCfg = Debug|Win32
		{C723D44B-3093-46AB-878E-81C307262C87}.Debug|x86.Build.0 = Debug|Win32
		{C723D44B-3093-46AB-878E-81C307262C87}.Release|x64.ActiveCfg = Release|x64
		{C723D44B-3093-46AB-878E-81C307262C87}.Release|x64.Build.0 = Release|x64
		{C723D44B-3093-46AB-878E-81C307262C87}.Release|x86.ActiveCfg = Release|Win32
		{C723D44B-3093-46AB-878E-81C307262C87}.Release|x86.Build.0 = Release|Win32
	EndGlobalSection
	GlobalSection(SolutionProperties) = preSolution
		HideSolutionNode = FALSE
	EndGlobalSection
	GlobalSection(ExtensibilityGlobals) = postSolution
		SolutionGuid = {B0622DF0-D80F-4ECF-9B48-E89DA114EF10}
	EndGlobalSection
EndGlobal
