
Microsoft Visual Studio Solution File, Format Version 12.00
# Visual Studio Version 16
VisualStudioVersion = 16.0.32901.82
MinimumVisualStudioVersion = 10.0.40219.1
Project("{8BC9CEB8-8B4A-11D0-8D11-00A0C91BC942}") = "Polymorphism_test", "Polymorphism_test\Polymorphism_test.vcxproj", "{E25FD313-09D9-456C-BCB0-AEE02A033438}"
EndProject
Global
	GlobalSection(SolutionConfigurationPlatforms) = preSolution
		Debug|x64 = Debug|x64
		Debug|x86 = Debug|x86
		Release|x64 = Release|x64
		Release|x86 = Release|x86
	EndGlobalSection
	GlobalSection(ProjectConfigurationPlatforms) = postSolution
		{E25FD313-09D9-456C-BCB0-AEE02A033438}.Debug|x64.ActiveCfg = Debug|x64
		{E25FD313-09D9-456C-BCB0-AEE02A033438}.Debug|x64.Build.0 = Debug|x64
		{E25FD313-09D9-456C-BCB0-AEE02A033438}.Debug|x86.ActiveCfg = Debug|Win32
		{E25FD313-09D9-456C-BCB0-AEE02A033438}.Debug|x86.Build.0 = Debug|Win32
		{E25FD313-09D9-456C-BCB0-AEE02A033438}.Release|x64.ActiveCfg = Release|x64
		{E25FD313-09D9-456C-BCB0-AEE02A033438}.Release|x64.Build.0 = Release|x64
		{E25FD313-09D9-456C-BCB0-AEE02A033438}.Release|x86.ActiveCfg = Release|Win32
		{E25FD313-09D9-456C-BCB0-AEE02A033438}.Release|x86.Build.0 = Release|Win32
	EndGlobalSection
	GlobalSection(SolutionProperties) = preSolution
		HideSolutionNode = FALSE
	EndGlobalSection
	GlobalSection(ExtensibilityGlobals) = postSolution
		SolutionGuid = {04143EBA-DCD3-4A80-AD76-FD3F525801E9}
	EndGlobalSection
EndGlobal
