
Microsoft Visual Studio Solution File, Format Version 12.00
# Visual Studio Version 16
VisualStudioVersion = 16.0.32901.82
MinimumVisualStudioVersion = 10.0.40219.1
Project("{8BC9CEB8-8B4A-11D0-8D11-00A0C91BC942}") = "test_10_17", "test_10_17\test_10_17.vcxproj", "{2D399882-3BF7-4B91-9A3A-33E3626A3B2C}"
EndProject
Global
	GlobalSection(SolutionConfigurationPlatforms) = preSolution
		Debug|x64 = Debug|x64
		Debug|x86 = Debug|x86
		Release|x64 = Release|x64
		Release|x86 = Release|x86
	EndGlobalSection
	GlobalSection(ProjectConfigurationPlatforms) = postSolution
		{2D399882-3BF7-4B91-9A3A-33E3626A3B2C}.Debug|x64.ActiveCfg = Debug|x64
		{2D399882-3BF7-4B91-9A3A-33E3626A3B2C}.Debug|x64.Build.0 = Debug|x64
		{2D399882-3BF7-4B91-9A3A-33E3626A3B2C}.Debug|x86.ActiveCfg = Debug|Win32
		{2D399882-3BF7-4B91-9A3A-33E3626A3B2C}.Debug|x86.Build.0 = Debug|Win32
		{2D399882-3BF7-4B91-9A3A-33E3626A3B2C}.Release|x64.ActiveCfg = Release|x64
		{2D399882-3BF7-4B91-9A3A-33E3626A3B2C}.Release|x64.Build.0 = Release|x64
		{2D399882-3BF7-4B91-9A3A-33E3626A3B2C}.Release|x86.ActiveCfg = Release|Win32
		{2D399882-3BF7-4B91-9A3A-33E3626A3B2C}.Release|x86.Build.0 = Release|Win32
	EndGlobalSection
	GlobalSection(SolutionProperties) = preSolution
		HideSolutionNode = FALSE
	EndGlobalSection
	GlobalSection(ExtensibilityGlobals) = postSolution
		SolutionGuid = {D3D3E294-27EA-465D-BFE2-6EE710FD9ADA}
	EndGlobalSection
EndGlobal
