
Microsoft Visual Studio Solution File, Format Version 12.00
# Visual Studio Version 16
VisualStudioVersion = 16.0.32901.82
MinimumVisualStudioVersion = 10.0.40219.1
Project("{8BC9CEB8-8B4A-11D0-8D11-00A0C91BC942}") = "test_10_6", "test_10_6\test_10_6.vcxproj", "{29FCB0EF-4DAB-4688-AE58-29145D1A8E86}"
EndProject
Global
	GlobalSection(SolutionConfigurationPlatforms) = preSolution
		Debug|x64 = Debug|x64
		Debug|x86 = Debug|x86
		Release|x64 = Release|x64
		Release|x86 = Release|x86
	EndGlobalSection
	GlobalSection(ProjectConfigurationPlatforms) = postSolution
		{29FCB0EF-4DAB-4688-AE58-29145D1A8E86}.Debug|x64.ActiveCfg = Debug|x64
		{29FCB0EF-4DAB-4688-AE58-29145D1A8E86}.Debug|x64.Build.0 = Debug|x64
		{29FCB0EF-4DAB-4688-AE58-29145D1A8E86}.Debug|x86.ActiveCfg = Debug|Win32
		{29FCB0EF-4DAB-4688-AE58-29145D1A8E86}.Debug|x86.Build.0 = Debug|Win32
		{29FCB0EF-4DAB-4688-AE58-29145D1A8E86}.Release|x64.ActiveCfg = Release|x64
		{29FCB0EF-4DAB-4688-AE58-29145D1A8E86}.Release|x64.Build.0 = Release|x64
		{29FCB0EF-4DAB-4688-AE58-29145D1A8E86}.Release|x86.ActiveCfg = Release|Win32
		{29FCB0EF-4DAB-4688-AE58-29145D1A8E86}.Release|x86.Build.0 = Release|Win32
	EndGlobalSection
	GlobalSection(SolutionProperties) = preSolution
		HideSolutionNode = FALSE
	EndGlobalSection
	GlobalSection(ExtensibilityGlobals) = postSolution
		SolutionGuid = {D1F829E2-79DE-42EC-93E2-CF3D1D9AC0CF}
	EndGlobalSection
EndGlobal
