
Microsoft Visual Studio Solution File, Format Version 12.00
# Visual Studio Version 16
VisualStudioVersion = 16.0.32901.82
MinimumVisualStudioVersion = 10.0.40219.1
Project("{8BC9CEB8-8B4A-11D0-8D11-00A0C91BC942}") = "InsertSort", "InsertSort\InsertSort.vcxproj", "{9A30D0AD-9789-46A2-BFB5-38378D35619E}"
EndProject
Global
	GlobalSection(SolutionConfigurationPlatforms) = preSolution
		Debug|x64 = Debug|x64
		Debug|x86 = Debug|x86
		Release|x64 = Release|x64
		Release|x86 = Release|x86
	EndGlobalSection
	GlobalSection(ProjectConfigurationPlatforms) = postSolution
		{9A30D0AD-9789-46A2-BFB5-38378D35619E}.Debug|x64.ActiveCfg = Debug|x64
		{9A30D0AD-9789-46A2-BFB5-38378D35619E}.Debug|x64.Build.0 = Debug|x64
		{9A30D0AD-9789-46A2-BFB5-38378D35619E}.Debug|x86.ActiveCfg = Debug|Win32
		{9A30D0AD-9789-46A2-BFB5-38378D35619E}.Debug|x86.Build.0 = Debug|Win32
		{9A30D0AD-9789-46A2-BFB5-38378D35619E}.Release|x64.ActiveCfg = Release|x64
		{9A30D0AD-9789-46A2-BFB5-38378D35619E}.Release|x64.Build.0 = Release|x64
		{9A30D0AD-9789-46A2-BFB5-38378D35619E}.Release|x86.ActiveCfg = Release|Win32
		{9A30D0AD-9789-46A2-BFB5-38378D35619E}.Release|x86.Build.0 = Release|Win32
	EndGlobalSection
	GlobalSection(SolutionProperties) = preSolution
		HideSolutionNode = FALSE
	EndGlobalSection
	GlobalSection(ExtensibilityGlobals) = postSolution
		SolutionGuid = {15EB6C87-0FD0-43D3-A870-F4B6192AA4D6}
	EndGlobalSection
EndGlobal
