
Microsoft Visual Studio Solution File, Format Version 12.00
# Visual Studio Version 16
VisualStudioVersion = 16.0.32901.82
MinimumVisualStudioVersion = 10.0.40219.1
Project("{8BC9CEB8-8B4A-11D0-8D11-00A0C91BC942}") = "code_4_9", "code_4_9\code_4_9.vcxproj", "{D42583DF-1581-4243-8D77-54BEAFB48FD9}"
EndProject
Global
	GlobalSection(SolutionConfigurationPlatforms) = preSolution
		Debug|x64 = Debug|x64
		Debug|x86 = Debug|x86
		Release|x64 = Release|x64
		Release|x86 = Release|x86
	EndGlobalSection
	GlobalSection(ProjectConfigurationPlatforms) = postSolution
		{D42583DF-1581-4243-8D77-54BEAFB48FD9}.Debug|x64.ActiveCfg = Debug|x64
		{D42583DF-1581-4243-8D77-54BEAFB48FD9}.Debug|x64.Build.0 = Debug|x64
		{D42583DF-1581-4243-8D77-54BEAFB48FD9}.Debug|x86.ActiveCfg = Debug|Win32
		{D42583DF-1581-4243-8D77-54BEAFB48FD9}.Debug|x86.Build.0 = Debug|Win32
		{D42583DF-1581-4243-8D77-54BEAFB48FD9}.Release|x64.ActiveCfg = Release|x64
		{D42583DF-1581-4243-8D77-54BEAFB48FD9}.Release|x64.Build.0 = Release|x64
		{D42583DF-1581-4243-8D77-54BEAFB48FD9}.Release|x86.ActiveCfg = Release|Win32
		{D42583DF-1581-4243-8D77-54BEAFB48FD9}.Release|x86.Build.0 = Release|Win32
	EndGlobalSection
	GlobalSection(SolutionProperties) = preSolution
		HideSolutionNode = FALSE
	EndGlobalSection
	GlobalSection(ExtensibilityGlobals) = postSolution
		SolutionGuid = {3E44F676-0003-4F91-8FCF-60293CADF3DE}
	EndGlobalSection
EndGlobal
