
Microsoft Visual Studio Solution File, Format Version 12.00
# Visual Studio Version 16
VisualStudioVersion = 16.0.32901.82
MinimumVisualStudioVersion = 10.0.40219.1
Project("{8BC9CEB8-8B4A-11D0-8D11-00A0C91BC942}") = "test_6_2", "test_6_2\test_6_2.vcxproj", "{4405B3B4-FF79-435B-AA53-B42691246D50}"
EndProject
Global
	GlobalSection(SolutionConfigurationPlatforms) = preSolution
		Debug|x64 = Debug|x64
		Debug|x86 = Debug|x86
		Release|x64 = Release|x64
		Release|x86 = Release|x86
	EndGlobalSection
	GlobalSection(ProjectConfigurationPlatforms) = postSolution
		{4405B3B4-FF79-435B-AA53-B42691246D50}.Debug|x64.ActiveCfg = Debug|x64
		{4405B3B4-FF79-435B-AA53-B42691246D50}.Debug|x64.Build.0 = Debug|x64
		{4405B3B4-FF79-435B-AA53-B42691246D50}.Debug|x86.ActiveCfg = Debug|Win32
		{4405B3B4-FF79-435B-AA53-B42691246D50}.Debug|x86.Build.0 = Debug|Win32
		{4405B3B4-FF79-435B-AA53-B42691246D50}.Release|x64.ActiveCfg = Release|x64
		{4405B3B4-FF79-435B-AA53-B42691246D50}.Release|x64.Build.0 = Release|x64
		{4405B3B4-FF79-435B-AA53-B42691246D50}.Release|x86.ActiveCfg = Release|Win32
		{4405B3B4-FF79-435B-AA53-B42691246D50}.Release|x86.Build.0 = Release|Win32
	EndGlobalSection
	GlobalSection(SolutionProperties) = preSolution
		HideSolutionNode = FALSE
	EndGlobalSection
	GlobalSection(ExtensibilityGlobals) = postSolution
		SolutionGuid = {988DF852-25FE-4B05-BA0E-FA371608E30E}
	EndGlobalSection
EndGlobal
