
Microsoft Visual Studio Solution File, Format Version 12.00
# Visual Studio Version 16
VisualStudioVersion = 16.0.32901.82
MinimumVisualStudioVersion = 10.0.40219.1
Project("{8BC9CEB8-8B4A-11D0-8D11-00A0C91BC942}") = "test_10_13", "test_10_13\test_10_13.vcxproj", "{C4D7A14B-6FAF-4F29-A53C-BB3B0C3D4535}"
EndProject
Global
	GlobalSection(SolutionConfigurationPlatforms) = preSolution
		Debug|x64 = Debug|x64
		Debug|x86 = Debug|x86
		Release|x64 = Release|x64
		Release|x86 = Release|x86
	EndGlobalSection
	GlobalSection(ProjectConfigurationPlatforms) = postSolution
		{C4D7A14B-6FAF-4F29-A53C-BB3B0C3D4535}.Debug|x64.ActiveCfg = Debug|x64
		{C4D7A14B-6FAF-4F29-A53C-BB3B0C3D4535}.Debug|x64.Build.0 = Debug|x64
		{C4D7A14B-6FAF-4F29-A53C-BB3B0C3D4535}.Debug|x86.ActiveCfg = Debug|Win32
		{C4D7A14B-6FAF-4F29-A53C-BB3B0C3D4535}.Debug|x86.Build.0 = Debug|Win32
		{C4D7A14B-6FAF-4F29-A53C-BB3B0C3D4535}.Release|x64.ActiveCfg = Release|x64
		{C4D7A14B-6FAF-4F29-A53C-BB3B0C3D4535}.Release|x64.Build.0 = Release|x64
		{C4D7A14B-6FAF-4F29-A53C-BB3B0C3D4535}.Release|x86.ActiveCfg = Release|Win32
		{C4D7A14B-6FAF-4F29-A53C-BB3B0C3D4535}.Release|x86.Build.0 = Release|Win32
	EndGlobalSection
	GlobalSection(SolutionProperties) = preSolution
		HideSolutionNode = FALSE
	EndGlobalSection
	GlobalSection(ExtensibilityGlobals) = postSolution
		SolutionGuid = {74B542E5-6A67-416D-9E2A-FBF0793DE503}
	EndGlobalSection
EndGlobal
