
Microsoft Visual Studio Solution File, Format Version 12.00
# Visual Studio Version 16
VisualStudioVersion = 16.0.32901.82
MinimumVisualStudioVersion = 10.0.40219.1
Project("{8BC9CEB8-8B4A-11D0-8D11-00A0C91BC942}") = "seqlish_test", "seqlish_test\seqlish_test.vcxproj", "{DCE0EE81-D5F6-47CC-B5A1-1559EB2D2FBC}"
EndProject
Global
	GlobalSection(SolutionConfigurationPlatforms) = preSolution
		Debug|x64 = Debug|x64
		Debug|x86 = Debug|x86
		Release|x64 = Release|x64
		Release|x86 = Release|x86
	EndGlobalSection
	GlobalSection(ProjectConfigurationPlatforms) = postSolution
		{DCE0EE81-D5F6-47CC-B5A1-1559EB2D2FBC}.Debug|x64.ActiveCfg = Debug|x64
		{DCE0EE81-D5F6-47CC-B5A1-1559EB2D2FBC}.Debug|x64.Build.0 = Debug|x64
		{DCE0EE81-D5F6-47CC-B5A1-1559EB2D2FBC}.Debug|x86.ActiveCfg = Debug|Win32
		{DCE0EE81-D5F6-47CC-B5A1-1559EB2D2FBC}.Debug|x86.Build.0 = Debug|Win32
		{DCE0EE81-D5F6-47CC-B5A1-1559EB2D2FBC}.Release|x64.ActiveCfg = Release|x64
		{DCE0EE81-D5F6-47CC-B5A1-1559EB2D2FBC}.Release|x64.Build.0 = Release|x64
		{DCE0EE81-D5F6-47CC-B5A1-1559EB2D2FBC}.Release|x86.ActiveCfg = Release|Win32
		{DCE0EE81-D5F6-47CC-B5A1-1559EB2D2FBC}.Release|x86.Build.0 = Release|Win32
	EndGlobalSection
	GlobalSection(SolutionProperties) = preSolution
		HideSolutionNode = FALSE
	EndGlobalSection
	GlobalSection(ExtensibilityGlobals) = postSolution
		SolutionGuid = {1665B480-9A0A-4F85-A814-6116A3E566C7}
	EndGlobalSection
EndGlobal
