
Microsoft Visual Studio Solution File, Format Version 12.00
# Visual Studio Version 16
VisualStudioVersion = 16.0.32901.82
MinimumVisualStudioVersion = 10.0.40219.1
Project("{8BC9CEB8-8B4A-11D0-8D11-00A0C91BC942}") = "test_9_24", "test_9_24\test_9_24.vcxproj", "{F899DC41-BA33-4F3F-8F58-DBAC4FD167AC}"
EndProject
Global
	GlobalSection(SolutionConfigurationPlatforms) = preSolution
		Debug|x64 = Debug|x64
		Debug|x86 = Debug|x86
		Release|x64 = Release|x64
		Release|x86 = Release|x86
	EndGlobalSection
	GlobalSection(ProjectConfigurationPlatforms) = postSolution
		{F899DC41-BA33-4F3F-8F58-DBAC4FD167AC}.Debug|x64.ActiveCfg = Debug|x64
		{F899DC41-BA33-4F3F-8F58-DBAC4FD167AC}.Debug|x64.Build.0 = Debug|x64
		{F899DC41-BA33-4F3F-8F58-DBAC4FD167AC}.Debug|x86.ActiveCfg = Debug|Win32
		{F899DC41-BA33-4F3F-8F58-DBAC4FD167AC}.Debug|x86.Build.0 = Debug|Win32
		{F899DC41-BA33-4F3F-8F58-DBAC4FD167AC}.Release|x64.ActiveCfg = Release|x64
		{F899DC41-BA33-4F3F-8F58-DBAC4FD167AC}.Release|x64.Build.0 = Release|x64
		{F899DC41-BA33-4F3F-8F58-DBAC4FD167AC}.Release|x86.ActiveCfg = Release|Win32
		{F899DC41-BA33-4F3F-8F58-DBAC4FD167AC}.Release|x86.Build.0 = Release|Win32
	EndGlobalSection
	GlobalSection(SolutionProperties) = preSolution
		HideSolutionNode = FALSE
	EndGlobalSection
	GlobalSection(ExtensibilityGlobals) = postSolution
		SolutionGuid = {0624CF02-52BE-4735-B62C-678306E8BF99}
	EndGlobalSection
EndGlobal
