
Microsoft Visual Studio Solution File, Format Version 12.00
# Visual Studio Version 16
VisualStudioVersion = 16.0.32901.82
MinimumVisualStudioVersion = 10.0.40219.1
Project("{8BC9CEB8-8B4A-11D0-8D11-00A0C91BC942}") = "test_4_10", "test_4_10\test_4_10.vcxproj", "{EA7C0848-553D-45DB-AD8F-F12A9F3BCE92}"
EndProject
Global
	GlobalSection(SolutionConfigurationPlatforms) = preSolution
		Debug|x64 = Debug|x64
		Debug|x86 = Debug|x86
		Release|x64 = Release|x64
		Release|x86 = Release|x86
	EndGlobalSection
	GlobalSection(ProjectConfigurationPlatforms) = postSolution
		{EA7C0848-553D-45DB-AD8F-F12A9F3BCE92}.Debug|x64.ActiveCfg = Debug|x64
		{EA7C0848-553D-45DB-AD8F-F12A9F3BCE92}.Debug|x64.Build.0 = Debug|x64
		{EA7C0848-553D-45DB-AD8F-F12A9F3BCE92}.Debug|x86.ActiveCfg = Debug|Win32
		{EA7C0848-553D-45DB-AD8F-F12A9F3BCE92}.Debug|x86.Build.0 = Debug|Win32
		{EA7C0848-553D-45DB-AD8F-F12A9F3BCE92}.Release|x64.ActiveCfg = Release|x64
		{EA7C0848-553D-45DB-AD8F-F12A9F3BCE92}.Release|x64.Build.0 = Release|x64
		{EA7C0848-553D-45DB-AD8F-F12A9F3BCE92}.Release|x86.ActiveCfg = Release|Win32
		{EA7C0848-553D-45DB-AD8F-F12A9F3BCE92}.Release|x86.Build.0 = Release|Win32
	EndGlobalSection
	GlobalSection(SolutionProperties) = preSolution
		HideSolutionNode = FALSE
	EndGlobalSection
	GlobalSection(ExtensibilityGlobals) = postSolution
		SolutionGuid = {501BFAC0-F937-40A8-837A-CF750F7D7706}
	EndGlobalSection
EndGlobal
